{
  "name": "blue-harvest",
  "version": "1.0.0",
  "lockfileVersion": 1,
  "dependencies": {
    "element-class": {
      "version": "0.2.2",
      "resolved": "https://registry.npmjs.org/element-class/-/element-class-0.2.2.tgz",
      "integrity": "sha1-nTu9B2f5AT744cjr5yLBQCpgBQ4="
    },
    "insert-css": {
      "version": "0.2.0",
      "resolved": "https://registry.npmjs.org/insert-css/-/insert-css-0.2.0.tgz",
      "integrity": "sha1-0VeJlxZi2YmcKJd/tiINU4HSRRo="
    },
    "ngraph.events": {
      "version": "0.0.3",
      "resolved": "https://registry.npmjs.org/ngraph.events/-/ngraph.events-0.0.3.tgz",
      "integrity": "sha1-OPVTFvPSB61jH/lPZiLKjywOh9A="
    },
    "ngraph.expose": {
      "version": "0.0.0",
      "resolved": "https://registry.npmjs.org/ngraph.expose/-/ngraph.expose-0.0.0.tgz",
      "integrity": "sha1-dGw0kDo4SMRdAzsUvGRhnqhf5ao="
    },
    "ngraph.forcelayout": {
      "version": "0.0.22",
      "resolved": "https://registry.npmjs.org/ngraph.forcelayout/-/ngraph.forcelayout-0.0.22.tgz",
      "integrity": "sha1-2sa+5PJBC4J6UfM+OnbTDZkGSec="
    },
    "ngraph.forcelayout3d": {
      "version": "0.0.15",
      "resolved": "https://registry.npmjs.org/ngraph.forcelayout3d/-/ngraph.forcelayout3d-0.0.15.tgz",
      "integrity": "sha1-ED+5EnEeQ1MgNcW/GwP8Hu3eKgM="
    },
    "ngraph.graph": {
      "version": "0.0.14",
      "resolved": "https://registry.npmjs.org/ngraph.graph/-/ngraph.graph-0.0.14.tgz",
      "integrity": "sha1-1HrJSWfJIKr3aVLYpOczRuHfLbc="
    },
    "ngraph.merge": {
      "version": "0.0.1",
      "resolved": "https://registry.npmjs.org/ngraph.merge/-/ngraph.merge-0.0.1.tgz",
      "integrity": "sha1-5OgM43WBo8lrF9VF46Q8hUNLkCU="
    },
    "ngraph.physics.primitives": {
      "version": "0.0.7",
      "resolved": "https://registry.npmjs.org/ngraph.physics.primitives/-/ngraph.physics.primitives-0.0.7.tgz",
      "integrity": "sha1-Xcnhebofkubex3SwHNaJFBILeVs="
    },
    "ngraph.physics.simulator": {
      "version": "0.0.12",
      "resolved": "https://registry.npmjs.org/ngraph.physics.simulator/-/ngraph.physics.simulator-0.0.12.tgz",
      "integrity": "sha1-JMhZxEDeo2zV2yBbqAoW8SEXQnk="
    },
    "ngraph.pixel": {
      "version": "2.4.1",
      "resolved": "https://registry.npmjs.org/ngraph.pixel/-/ngraph.pixel-2.4.1.tgz",
      "integrity": "sha1-n3NEuurGF9okgZII5igldS8EBdE="
    },
    "ngraph.quadtreebh": {
      "version": "0.0.3",
      "resolved": "https://registry.npmjs.org/ngraph.quadtreebh/-/ngraph.quadtreebh-0.0.3.tgz",
      "integrity": "sha1-mu4qCTGxl4DTStg2FulqJTZ1EpU="
    },
    "ngraph.quadtreebh3d": {
      "version": "0.0.3",
      "resolved": "https://registry.npmjs.org/ngraph.quadtreebh3d/-/ngraph.quadtreebh3d-0.0.3.tgz",
      "integrity": "sha1-eys2vXef62Rnz7d07lnPk7i3Vqg="
    },
    "ngraph.random": {
      "version": "0.0.1",
      "resolved": "https://registry.npmjs.org/ngraph.random/-/ngraph.random-0.0.1.tgz",
      "integrity": "sha1-wAji67/f+vF+0Q5LvJE+VnFmvPg="
    },
    "pixel.layout": {
      "version": "0.1.2",
      "resolved": "https://registry.npmjs.org/pixel.layout/-/pixel.layout-0.1.2.tgz",
      "integrity": "sha1-z2Nhm6+9Xe6RuVLK+zkZyUtY6Cw="
    },
    "three": {
      "version": "0.73.2",
      "resolved": "https://registry.npmjs.org/three/-/three-0.73.2.tgz",
      "integrity": "sha1-Kj66wQ3oob7mUkLjpp/ExBh8lpU="
    },
    "three.fly": {
      "version": "0.1.6",
      "resolved": "https://registry.npmjs.org/three.fly/-/three.fly-0.1.6.tgz",
      "integrity": "sha1-9LOzR91PJuSQNlhpDQJs7l4Frpc="
    }
  }
}
